
Microsoft Visual Studio Solution File, Format Version 12.00
# Visual Studio Version 17
VisualStudioVersion = 17.8.34408.163
MinimumVisualStudioVersion = 10.0.40219.1
Project("{9A19103F-16F7-4668-BE54-9A1E7A4F7556}") = "ConsoleProject", "ConsoleProject\ConsoleProject.csproj", "{AAF54AD7-4151-4A3D-A719-CDD2CED8650D}"
	ProjectSection(ProjectDependencies) = postProject
		{F37C0AFB-8644-400A-A52C-46B0B2D09A3D} = {F37C0AFB-8644-400A-A52C-46B0B2D09A3D}
	EndProjectSection
EndProject
Project("{8BC9CEB8-8B4A-11D0-8D11-00A0C91BC942}") = "MultiplyInput", "MultiplyInput\MultiplyInput.vcxproj", "{F37C0AFB-8644-400A-A52C-46B0B2D09A3D}"
EndProject
Global
	GlobalSection(SolutionConfigurationPlatforms) = preSolution
		Debug|Any CPU = Debug|Any CPU
		Debug|x64 = Debug|x64
		Debug|x86 = Debug|x86
		Release|Any CPU = Release|Any CPU
		Release|x64 = Release|x64
		Release|x86 = Release|x86
	EndGlobalSection
	GlobalSection(ProjectConfigurationPlatforms) = postSolution
		{AAF54AD7-4151-4A3D-A719-CDD2CED8650D}.Debug|Any CPU.ActiveCfg = Debug|Any CPU
		{AAF54AD7-4151-4A3D-A719-CDD2CED8650D}.Debug|Any CPU.Build.0 = Debug|Any CPU
		{AAF54AD7-4151-4A3D-A719-CDD2CED8650D}.Debug|x64.ActiveCfg = Debug|Any CPU
		{AAF54AD7-4151-4A3D-A719-CDD2CED8650D}.Debug|x64.Build.0 = Debug|Any CPU
		{AAF54AD7-4151-4A3D-A719-CDD2CED8650D}.Debug|x86.ActiveCfg = Debug|Any CPU
		{AAF54AD7-4151-4A3D-A719-CDD2CED8650D}.Debug|x86.Build.0 = Debug|Any CPU
		{AAF54AD7-4151-4A3D-A719-CDD2CED8650D}.Release|Any CPU.ActiveCfg = Release|Any CPU
		{AAF54AD7-4151-4A3D-A719-CDD2CED8650D}.Release|Any CPU.Build.0 = Release|Any CPU
		{AAF54AD7-4151-4A3D-A719-CDD2CED8650D}.Release|x64.ActiveCfg = Release|Any CPU
		{AAF54AD7-4151-4A3D-A719-CDD2CED8650D}.Release|x64.Build.0 = Release|Any CPU
		{AAF54AD7-4151-4A3D-A719-CDD2CED8650D}.Release|x86.ActiveCfg = Release|Any CPU
		{AAF54AD7-4151-4A3D-A719-CDD2CED8650D}.Release|x86.Build.0 = Release|Any CPU
		{F37C0AFB-8644-400A-A52C-46B0B2D09A3D}.Debug|Any CPU.ActiveCfg = Debug|x64
		{F37C0AFB-8644-400A-A52C-46B0B2D09A3D}.Debug|Any CPU.Build.0 = Debug|x64
		{F37C0AFB-8644-400A-A52C-46B0B2D09A3D}.Debug|x64.ActiveCfg = Debug|x64
		{F37C0AFB-8644-400A-A52C-46B0B2D09A3D}.Debug|x64.Build.0 = Debug|x64
		{F37C0AFB-8644-400A-A52C-46B0B2D09A3D}.Debug|x86.ActiveCfg = Debug|Win32
		{F37C0AFB-8644-400A-A52C-46B0B2D09A3D}.Debug|x86.Build.0 = Debug|Win32
		{F37C0AFB-8644-400A-A52C-46B0B2D09A3D}.Release|Any CPU.ActiveCfg = Release|x64
		{F37C0AFB-8644-400A-A52C-46B0B2D09A3D}.Release|Any CPU.Build.0 = Release|x64
		{F37C0AFB-8644-400A-A52C-46B0B2D09A3D}.Release|x64.ActiveCfg = Release|x64
		{F37C0AFB-8644-400A-A52C-46B0B2D09A3D}.Release|x64.Build.0 = Release|x64
		{F37C0AFB-8644-400A-A52C-46B0B2D09A3D}.Release|x86.ActiveCfg = Release|Win32
		{F37C0AFB-8644-400A-A52C-46B0B2D09A3D}.Release|x86.Build.0 = Release|Win32
	EndGlobalSection
	GlobalSection(SolutionProperties) = preSolution
		HideSolutionNode = FALSE
	EndGlobalSection
	GlobalSection(ExtensibilityGlobals) = postSolution
		SolutionGuid = {2A0C4FEF-7317-4D7B-B05E-9A5F13411957}
	EndGlobalSection
EndGlobal
